/*
# Malaysia Trip Companion — initial schema

1. Purpose
   Persists a single traveler's trip data: packing checklist, day-by-day
   itinerary, travel documents, saved places, a photo moodboard, and
   freeform notes. Single-tenant (no sign-in), so all data is shared and
   readable/writable by the anon-key frontend.

2. New Tables
   - packing_items    (id, label, done, created_at)        — checklist rows
   - itinerary_items  (id, day, time, activity, created_at) — day plans
   - documents        (id, title, link, notes, created_at)  — tickets/bookings
   - places           (id, name, notes, link, created_at)   — saved locations
   - moodboard_photos (id, src, caption, created_at)        — base64 inspiration photos
   - trip_notes       (id, content, updated_at)             — one freeform notes row

3. Security
   - RLS enabled on every table.
   - Single-tenant app with NO sign-in screen, so every policy is scoped to
     `TO anon, authenticated` with `USING (true)` / `WITH CHECK (true)`:
     the data is intentionally shared across the one trip.

4. Seed data
   - packing_items, itinerary_items, documents, places are seeded with
     starter content ONLY when the table is empty (first run).
   - trip_notes is seeded with one empty row so the singleton always exists.
*/

-- packing_items -----------------------------------------------------------
CREATE TABLE IF NOT EXISTS packing_items (
  id uuid PRIMARY KEY DEFAULT gen_random_uuid(),
  label text NOT NULL,
  done boolean NOT NULL DEFAULT false,
  created_at timestamptz NOT NULL DEFAULT now()
);
ALTER TABLE packing_items ENABLE ROW LEVEL SECURITY;

DROP POLICY IF EXISTS "anon_select_packing" ON packing_items;
CREATE POLICY "anon_select_packing" ON packing_items FOR SELECT
  TO anon, authenticated USING (true);
DROP POLICY IF EXISTS "anon_insert_packing" ON packing_items;
CREATE POLICY "anon_insert_packing" ON packing_items FOR INSERT
  TO anon, authenticated WITH CHECK (true);
DROP POLICY IF EXISTS "anon_update_packing" ON packing_items;
CREATE POLICY "anon_update_packing" ON packing_items FOR UPDATE
  TO anon, authenticated USING (true) WITH CHECK (true);
DROP POLICY IF EXISTS "anon_delete_packing" ON packing_items;
CREATE POLICY "anon_delete_packing" ON packing_items FOR DELETE
  TO anon, authenticated USING (true);

-- itinerary_items ---------------------------------------------------------
CREATE TABLE IF NOT EXISTS itinerary_items (
  id uuid PRIMARY KEY DEFAULT gen_random_uuid(),
  day text NOT NULL DEFAULT 'Day',
  time text NOT NULL DEFAULT '',
  activity text NOT NULL,
  created_at timestamptz NOT NULL DEFAULT now()
);
ALTER TABLE itinerary_items ENABLE ROW LEVEL SECURITY;

DROP POLICY IF EXISTS "anon_select_itinerary" ON itinerary_items;
CREATE POLICY "anon_select_itinerary" ON itinerary_items FOR SELECT
  TO anon, authenticated USING (true);
DROP POLICY IF EXISTS "anon_insert_itinerary" ON itinerary_items;
CREATE POLICY "anon_insert_itinerary" ON itinerary_items FOR INSERT
  TO anon, authenticated WITH CHECK (true);
DROP POLICY IF EXISTS "anon_update_itinerary" ON itinerary_items;
CREATE POLICY "anon_update_itinerary" ON itinerary_items FOR UPDATE
  TO anon, authenticated USING (true) WITH CHECK (true);
DROP POLICY IF EXISTS "anon_delete_itinerary" ON itinerary_items;
CREATE POLICY "anon_delete_itinerary" ON itinerary_items FOR DELETE
  TO anon, authenticated USING (true);

-- documents ---------------------------------------------------------------
CREATE TABLE IF NOT EXISTS documents (
  id uuid PRIMARY KEY DEFAULT gen_random_uuid(),
  title text NOT NULL,
  link text NOT NULL DEFAULT '',
  notes text NOT NULL DEFAULT '',
  created_at timestamptz NOT NULL DEFAULT now()
);
ALTER TABLE documents ENABLE ROW LEVEL SECURITY;

DROP POLICY IF EXISTS "anon_select_documents" ON documents;
CREATE POLICY "anon_select_documents" ON documents FOR SELECT
  TO anon, authenticated USING (true);
DROP POLICY IF EXISTS "anon_insert_documents" ON documents;
CREATE POLICY "anon_insert_documents" ON documents FOR INSERT
  TO anon, authenticated WITH CHECK (true);
DROP POLICY IF EXISTS "anon_update_documents" ON documents;
CREATE POLICY "anon_update_documents" ON documents FOR UPDATE
  TO anon, authenticated USING (true) WITH CHECK (true);
DROP POLICY IF EXISTS "anon_delete_documents" ON documents;
CREATE POLICY "anon_delete_documents" ON documents FOR DELETE
  TO anon, authenticated USING (true);

-- places ------------------------------------------------------------------
CREATE TABLE IF NOT EXISTS places (
  id uuid PRIMARY KEY DEFAULT gen_random_uuid(),
  name text NOT NULL,
  notes text NOT NULL DEFAULT '',
  link text NOT NULL DEFAULT '',
  created_at timestamptz NOT NULL DEFAULT now()
);
ALTER TABLE places ENABLE ROW LEVEL SECURITY;

DROP POLICY IF EXISTS "anon_select_places" ON places;
CREATE POLICY "anon_select_places" ON places FOR SELECT
  TO anon, authenticated USING (true);
DROP POLICY IF EXISTS "anon_insert_places" ON places;
CREATE POLICY "anon_insert_places" ON places FOR INSERT
  TO anon, authenticated WITH CHECK (true);
DROP POLICY IF EXISTS "anon_update_places" ON places;
CREATE POLICY "anon_update_places" ON places FOR UPDATE
  TO anon, authenticated USING (true) WITH CHECK (true);
DROP POLICY IF EXISTS "anon_delete_places" ON places;
CREATE POLICY "anon_delete_places" ON places FOR DELETE
  TO anon, authenticated USING (true);

-- moodboard_photos --------------------------------------------------------
CREATE TABLE IF NOT EXISTS moodboard_photos (
  id uuid PRIMARY KEY DEFAULT gen_random_uuid(),
  src text NOT NULL,
  caption text NOT NULL DEFAULT '',
  created_at timestamptz NOT NULL DEFAULT now()
);
ALTER TABLE moodboard_photos ENABLE ROW LEVEL SECURITY;

DROP POLICY IF EXISTS "anon_select_moodboard" ON moodboard_photos;
CREATE POLICY "anon_select_moodboard" ON moodboard_photos FOR SELECT
  TO anon, authenticated USING (true);
DROP POLICY IF EXISTS "anon_insert_moodboard" ON moodboard_photos;
CREATE POLICY "anon_insert_moodboard" ON moodboard_photos FOR INSERT
  TO anon, authenticated WITH CHECK (true);
DROP POLICY IF EXISTS "anon_update_moodboard" ON moodboard_photos;
CREATE POLICY "anon_update_moodboard" ON moodboard_photos FOR UPDATE
  TO anon, authenticated USING (true) WITH CHECK (true);
DROP POLICY IF EXISTS "anon_delete_moodboard" ON moodboard_photos;
CREATE POLICY "anon_delete_moodboard" ON moodboard_photos FOR DELETE
  TO anon, authenticated USING (true);

-- trip_notes (singleton) --------------------------------------------------
CREATE TABLE IF NOT EXISTS trip_notes (
  id int PRIMARY KEY DEFAULT 1,
  content text NOT NULL DEFAULT '',
  updated_at timestamptz NOT NULL DEFAULT now()
);
ALTER TABLE trip_notes ENABLE ROW LEVEL SECURITY;

DROP POLICY IF EXISTS "anon_select_notes" ON trip_notes;
CREATE POLICY "anon_select_notes" ON trip_notes FOR SELECT
  TO anon, authenticated USING (true);
DROP POLICY IF EXISTS "anon_insert_notes" ON trip_notes;
CREATE POLICY "anon_insert_notes" ON trip_notes FOR INSERT
  TO anon, authenticated WITH CHECK (true);
DROP POLICY IF EXISTS "anon_update_notes" ON trip_notes;
CREATE POLICY "anon_update_notes" ON trip_notes FOR UPDATE
  TO anon, authenticated USING (true) WITH CHECK (true);
DROP POLICY IF EXISTS "anon_delete_notes" ON trip_notes;
CREATE POLICY "anon_delete_notes" ON trip_notes FOR DELETE
  TO anon, authenticated USING (true);

-- Seed starter content only when tables are empty -------------------------
DO $$
BEGIN
  IF NOT EXISTS (SELECT 1 FROM packing_items) THEN
    INSERT INTO packing_items (label, done) VALUES
      ('Passport + MDAC confirmation', false),
      ('AirAsia e-ticket / boarding pass', false),
      ('Touch ''n Go card (or top-up app)', false),
      ('Grab app set up + payment linked', false),
      ('Adapter (Type G plug)', false),
      ('Light rain layer (humid, sudden showers)', false);
  END IF;

  IF NOT EXISTS (SELECT 1 FROM itinerary_items) THEN
    INSERT INTO itinerary_items (day, time, activity) VALUES
      ('Day 1', 'Arrival', 'Land KLIA -> KLIA Ekspres -> Bukit Bintang hotel'),
      ('Day 2', 'Full day', 'Klook full-day KL city tour');
  END IF;

  IF NOT EXISTS (SELECT 1 FROM documents) THEN
    INSERT INTO documents (title, link, notes) VALUES
      ('AirAsia flight booking', '', 'Bangalore -> KL'),
      ('Bukit Bintang hotel booking', '', ''),
      ('MDAC (Malaysia Digital Arrival Card)', '', 'Submit within 3 days before arrival');
  END IF;

  IF NOT EXISTS (SELECT 1 FROM places) THEN
    INSERT INTO places (name, notes, link) VALUES
      ('Bukit Bintang', 'Base / shopping / food street', ''),
      ('Batu Caves', '', ''),
      ('Petronas Towers', 'Book skybridge slot ahead if wanted', '');
  END IF;
END $$;

INSERT INTO trip_notes (id, content) VALUES (1, '')
  ON CONFLICT (id) DO NOTHING;
